
Microsoft Visual Studio Solution File, Format Version 12.00
# Visual Studio Version 17
VisualStudioVersion = 17.3.32819.101
MinimumVisualStudioVersion = 10.0.40219.1
Project("{9A19103F-16F7-4668-BE54-9A1E7A4F7556}") = "ModuleTest", "ModuleTest.csproj", "{B031A9E4-0312-4B1A-8FF4-DD6F503DEBFD}"
EndProject
Global
	GlobalSection(SolutionConfigurationPlatforms) = preSolution
		Debug|Any CPU = Debug|Any CPU
		Debug|x64 = Debug|x64
		Release|Any CPU = Release|Any CPU
		Release|x64 = Release|x64
	EndGlobalSection
	GlobalSection(ProjectConfigurationPlatforms) = postSolution
		{B031A9E4-0312-4B1A-8FF4-DD6F503DEBFD}.Debug|Any CPU.ActiveCfg = Debug|Any CPU
		{B031A9E4-0312-4B1A-8FF4-DD6F503DEBFD}.Debug|Any CPU.Build.0 = Debug|Any CPU
		{B031A9E4-0312-4B1A-8FF4-DD6F503DEBFD}.Debug|x64.ActiveCfg = Debug|x64
		{B031A9E4-0312-4B1A-8FF4-DD6F503DEBFD}.Debug|x64.Build.0 = Debug|x64
		{B031A9E4-0312-4B1A-8FF4-DD6F503DEBFD}.Release|Any CPU.ActiveCfg = Release|Any CPU
		{B031A9E4-0312-4B1A-8FF4-DD6F503DEBFD}.Release|Any CPU.Build.0 = Release|Any CPU
		{B031A9E4-0312-4B1A-8FF4-DD6F503DEBFD}.Release|x64.ActiveCfg = Release|x64
		{B031A9E4-0312-4B1A-8FF4-DD6F503DEBFD}.Release|x64.Build.0 = Release|x64
	EndGlobalSection
	GlobalSection(SolutionProperties) = preSolution
		HideSolutionNode = FALSE
	EndGlobalSection
	GlobalSection(ExtensibilityGlobals) = postSolution
		SolutionGuid = {4EAB9550-6053-43C5-9279-77B1E5329196}
	EndGlobalSection
EndGlobal
